<?xml version="1.0" encoding="utf-8"?>
<Project ToolsVersion="4.0" xmlns="http://schemas.microsoft.com/developer/msbuild/2003">
  <ItemGroup>
    <Filter Include="Source Files">
      <UniqueIdentifier>{4FC737F1-C7A5-4376-A066-2A32D752A2FF}</UniqueIdentifier>
      <Extensions>cpp;c;cc;cxx;def;odl;idl;hpj;bat;asm;asmx</Extensions>
    </Filter>
    <Filter Include="Header Files">
      <UniqueIdentifier>{93995380-89BD-4b04-88EB-625FBE52EBFB}</UniqueIdentifier>
      <Extensions>h;hpp;hxx;hm;inl;inc;xsd</Extensions>
    </Filter>
    <Filter Include="Resource Files">
      <UniqueIdentifier>{67DA6AB6-F800-4c08-8B7A-83BB121AAD01}</UniqueIdentifier>
      <Extensions>rc;ico;cur;bmp;dlg;rc2;rct;bin;rgs;gif;jpg;jpeg;jpe;resx;tiff;tif;png;wav</Extensions>
    </Filter>
    <Filter Include="Video Layer">
      <UniqueIdentifier>{5b2a145e-23c6-4186-928f-1829af9c4aac}</UniqueIdentifier>
    </Filter>
  </ItemGroup>
  <ItemGroup>
    <ClCompile Include="..\src\api.cpp">
      <Filter>Source Files</Filter>
    </ClCompile>
    <ClCompile Include="..\src\apigeom.cpp">
      <Filter>Source Files</Filter>
    </ClCompile>
    <ClCompile Include="..\src\apitrigeom.cpp">
      <Filter>Source Files</Filter>
    </ClCompile>
    <ClCompile Include="..\src\bndbox.cpp">
      <Filter>Source Files</Filter>
    </ClCompile>
    <ClCompile Include="..\src\box.cpp">
      <Filter>Source Files</Filter>
    </ClCompile>
    <ClCompile Include="..\src\camera.cpp">
      <Filter>Source Files</Filter>
    </ClCompile>
    <ClCompile Include="..\src\coordsys.cpp">
      <Filter>Source Files</Filter>
    </ClCompile>
    <ClCompile Include="..\src\cylinder.cpp">
      <Filter>Source Files</Filter>
    </ClCompile>
    <ClCompile Include="..\src\extvol.cpp">
      <Filter>Source Files</Filter>
    </ClCompile>
    <ClCompile Include="..\src\getargs.cpp">
      <Filter>Source Files</Filter>
    </ClCompile>
    <ClCompile Include="..\src\global.cpp">
      <Filter>Source Files</Filter>
    </ClCompile>
    <ClCompile Include="..\src\grid.cpp">
      <Filter>Source Files</Filter>
    </ClCompile>
    <ClCompile Include="..\src\imageio.cpp">
      <Filter>Source Files</Filter>
    </ClCompile>
    <ClCompile Include="..\src\imap.cpp">
      <Filter>Source Files</Filter>
    </ClCompile>
    <ClCompile Include="..\src\intersect.cpp">
      <Filter>Source Files</Filter>
    </ClCompile>
    <ClCompile Include="..\src\jpeg.cpp">
      <Filter>Source Files</Filter>
    </ClCompile>
    <ClCompile Include="..\src\light.cpp">
      <Filter>Source Files</Filter>
    </ClCompile>
    <ClCompile Include="..\src\objbound.cpp">
      <Filter>Source Files</Filter>
    </ClCompile>
    <ClCompile Include="..\src\parse.cpp">
      <Filter>Source Files</Filter>
    </ClCompile>
    <ClCompile Include="..\src\plane.cpp">
      <Filter>Source Files</Filter>
    </ClCompile>
    <ClCompile Include="..\src\ppm.cpp">
      <Filter>Source Files</Filter>
    </ClCompile>
    <ClCompile Include="..\src\windows\pthread.cpp">
      <Filter>Source Files</Filter>
    </ClCompile>
    <ClCompile Include="..\src\quadric.cpp">
      <Filter>Source Files</Filter>
    </ClCompile>
    <ClCompile Include="..\src\render.cpp">
      <Filter>Source Files</Filter>
    </ClCompile>
    <ClCompile Include="..\src\ring.cpp">
      <Filter>Source Files</Filter>
    </ClCompile>
    <ClCompile Include="..\src\shade.cpp">
      <Filter>Source Files</Filter>
    </ClCompile>
    <ClCompile Include="..\src\sphere.cpp">
      <Filter>Source Files</Filter>
    </ClCompile>
    <ClCompile Include="..\src\texture.cpp">
      <Filter>Source Files</Filter>
    </ClCompile>
    <ClCompile Include="..\src\tgafile.cpp">
      <Filter>Source Files</Filter>
    </ClCompile>
    <ClCompile Include="..\src\trace_rest.cpp">
      <Filter>Source Files</Filter>
    </ClCompile>
    <ClCompile Include="..\src\triangle.cpp">
      <Filter>Source Files</Filter>
    </ClCompile>
    <ClCompile Include="..\src\ui.cpp">
      <Filter>Source Files</Filter>
    </ClCompile>
    <ClCompile Include="..\src\util.cpp">
      <Filter>Source Files</Filter>
    </ClCompile>
    <ClCompile Include="..\src\vector.cpp">
      <Filter>Source Files</Filter>
    </ClCompile>
    <ClCompile Include="..\src\video.cpp">
      <Filter>Source Files</Filter>
    </ClCompile>
    <ClCompile Include="..\src\vol.cpp">
      <Filter>Source Files</Filter>
    </ClCompile>
    <ClCompile Include="..\common\gui\gdivideo.cpp">
      <Filter>Video Layer</Filter>
    </ClCompile>
  </ItemGroup>
  <ItemGroup>
    <ClInclude Include="..\src\api.h">
      <Filter>Header Files</Filter>
    </ClInclude>
    <ClInclude Include="..\src\apitrigeom.h">
      <Filter>Header Files</Filter>
    </ClInclude>
    <ClInclude Include="..\src\bndbox.h">
      <Filter>Header Files</Filter>
    </ClInclude>
    <ClInclude Include="..\src\box.h">
      <Filter>Header Files</Filter>
    </ClInclude>
    <ClInclude Include="..\src\camera.h">
      <Filter>Header Files</Filter>
    </ClInclude>
    <ClInclude Include="..\src\coordsys.h">
      <Filter>Header Files</Filter>
    </ClInclude>
    <ClInclude Include="..\src\cylinder.h">
      <Filter>Header Files</Filter>
    </ClInclude>
    <ClInclude Include="..\src\extvol.h">
      <Filter>Header Files</Filter>
    </ClInclude>
    <ClInclude Include="..\src\getargs.h">
      <Filter>Header Files</Filter>
    </ClInclude>
    <ClInclude Include="..\src\global.h">
      <Filter>Header Files</Filter>
    </ClInclude>
    <ClInclude Include="..\src\grid.h">
      <Filter>Header Files</Filter>
    </ClInclude>
    <ClInclude Include="..\src\imageio.h">
      <Filter>Header Files</Filter>
    </ClInclude>
    <ClInclude Include="..\src\imap.h">
      <Filter>Header Files</Filter>
    </ClInclude>
    <ClInclude Include="..\src\intersect.h">
      <Filter>Header Files</Filter>
    </ClInclude>
    <ClInclude Include="..\src\jpeg.h">
      <Filter>Header Files</Filter>
    </ClInclude>
    <ClInclude Include="..\src\light.h">
      <Filter>Header Files</Filter>
    </ClInclude>
    <ClInclude Include="..\src\machine.h">
      <Filter>Header Files</Filter>
    </ClInclude>
    <ClInclude Include="..\src\macros.h">
      <Filter>Header Files</Filter>
    </ClInclude>
    <ClInclude Include="..\src\objbound.h">
      <Filter>Header Files</Filter>
    </ClInclude>
    <ClInclude Include="..\src\parse.h">
      <Filter>Header Files</Filter>
    </ClInclude>
    <ClInclude Include="..\src\plane.h">
      <Filter>Header Files</Filter>
    </ClInclude>
    <ClInclude Include="..\src\ppm.h">
      <Filter>Header Files</Filter>
    </ClInclude>
    <ClInclude Include="..\src\windows\pthread.h">
      <Filter>Header Files</Filter>
    </ClInclude>
    <ClInclude Include="..\src\quadric.h">
      <Filter>Header Files</Filter>
    </ClInclude>
    <ClInclude Include="..\src\render.h">
      <Filter>Header Files</Filter>
    </ClInclude>
    <ClInclude Include="..\res\resource.h">
      <Filter>Header Files</Filter>
    </ClInclude>
    <ClInclude Include="..\src\ring.h">
      <Filter>Header Files</Filter>
    </ClInclude>
    <ClInclude Include="..\src\shade.h">
      <Filter>Header Files</Filter>
    </ClInclude>
    <ClInclude Include="..\src\sphere.h">
      <Filter>Header Files</Filter>
    </ClInclude>
    <ClInclude Include="..\src\texture.h">
      <Filter>Header Files</Filter>
    </ClInclude>
    <ClInclude Include="..\src\tgafile.h">
      <Filter>Header Files</Filter>
    </ClInclude>
    <ClInclude Include="..\src\trace.h">
      <Filter>Header Files</Filter>
    </ClInclude>
    <ClInclude Include="..\src\triangle.h">
      <Filter>Header Files</Filter>
    </ClInclude>
    <ClInclude Include="..\src\types.h">
      <Filter>Header Files</Filter>
    </ClInclude>
    <ClInclude Include="..\src\ui.h">
      <Filter>Header Files</Filter>
    </ClInclude>
    <ClInclude Include="..\src\util.h">
      <Filter>Header Files</Filter>
    </ClInclude>
    <ClInclude Include="..\src\vector.h">
      <Filter>Header Files</Filter>
    </ClInclude>
    <ClInclude Include="..\src\video.h">
      <Filter>Header Files</Filter>
    </ClInclude>
    <ClInclude Include="..\src\vol.h">
      <Filter>Header Files</Filter>
    </ClInclude>
    <ClInclude Include="..\common\gui\video.h">
      <Filter>Video Layer</Filter>
    </ClInclude>
    <ClInclude Include="..\common\gui\winvideo.h">
      <Filter>Video Layer</Filter>
    </ClInclude>
  </ItemGroup>
  <ItemGroup>
    <Image Include="..\res\gui.ico">
      <Filter>Resource Files</Filter>
    </Image>
    <Image Include="..\res\small.ico">
      <Filter>Resource Files</Filter>
    </Image>
  </ItemGroup>
  <ItemGroup>
    <ResourceCompile Include="..\res\gui.rc">
      <Filter>Resource Files</Filter>
    </ResourceCompile>
  </ItemGroup>
</Project>