Microsoft Visual Studio Solution File, Format Version 12.00
# Visual Studio 2012
Project("{8BC9CEB8-8B4A-11D0-8D11-00A0C91BC942}") = "convolution", "convolution_sample\msvs\convolution.vcxproj", "{FD21E454-A6A6-4E07-A875-4055D83E9872}"
	ProjectSection(ProjectDependencies) = postProject
		{9A0284C2-A153-42C7-8BAC-E65F13FC27CE} = {9A0284C2-A153-42C7-8BAC-E65F13FC27CE}
	EndProjectSection
EndProject
Project("{8BC9CEB8-8B4A-11D0-8D11-00A0C91BC942}") = "crossfade", "crossfade_sample\msvs\crossfade.vcxproj", "{238F22DF-9076-11E2-987D-80C16EEACF8A}"
	ProjectSection(ProjectDependencies) = postProject
		{9A0284C2-A153-42C7-8BAC-E65F13FC27CE} = {9A0284C2-A153-42C7-8BAC-E65F13FC27CE}
	EndProjectSection
EndProject
Project("{8BC9CEB8-8B4A-11D0-8D11-00A0C91BC942}") = "histogramlocals", "histogramlocals_sample\msvs\histogramlocals.vcxproj", "{238CD8F2-9076-11E2-858E-80C16EEACF8A}"
	ProjectSection(ProjectDependencies) = postProject
		{9A0284C2-A153-42C7-8BAC-E65F13FC27CE} = {9A0284C2-A153-42C7-8BAC-E65F13FC27CE}
	EndProjectSection
EndProject
Project("{8BC9CEB8-8B4A-11D0-8D11-00A0C91BC942}") = "matmult", "matrix_multiply_sample\msvs\matmult.vcxproj", "{238CD8F1-9076-11E2-876E-80C16EEACF8A}"
	ProjectSection(ProjectDependencies) = postProject
		{9A0284C2-A153-42C7-8BAC-E65F13FC27CE} = {9A0284C2-A153-42C7-8BAC-E65F13FC27CE}
	EndProjectSection
EndProject
Project("{8BC9CEB8-8B4A-11D0-8D11-00A0C91BC942}") = "nbody", "nbody_sample\msvs\nbody.vcxproj", "{238F22E0-9076-11E2-B974-80C16EEACF8A}"
	ProjectSection(ProjectDependencies) = postProject
		{9A0284C2-A153-42C7-8BAC-E65F13FC27CE} = {9A0284C2-A153-42C7-8BAC-E65F13FC27CE}
	EndProjectSection
EndProject
Project("{8BC9CEB8-8B4A-11D0-8D11-00A0C91BC942}") = "shared", "shared\msvs\shared.vcxproj", "{9A0284C2-A153-42C7-8BAC-E65F13FC27CE}"
EndProject
Project("{8BC9CEB8-8B4A-11D0-8D11-00A0C91BC942}") = "testgfxvector", "test_gfx_vector_sample\msvs\testgfxvector.vcxproj", "{238F22DE-9076-11E2-911D-80C16EEACF8A}"
	ProjectSection(ProjectDependencies) = postProject
		{9A0284C2-A153-42C7-8BAC-E65F13FC27CE} = {9A0284C2-A153-42C7-8BAC-E65F13FC27CE}
	EndProjectSection
EndProject
Project("{2150E333-8FDC-42A3-9474-1A3956D46DE8}") = "slm", "slm", "{87BD0B50-2569-46FF-8050-88DF34411BBF}"
EndProject
Project("{8BC9CEB8-8B4A-11D0-8D11-00A0C91BC942}") = "MatmultSLM", "shared_local_memory_sample\msvs\MatmultSLM.vcxproj", "{7462BE12-6F45-4B47-8E87-C80CCF70614D}"
EndProject
Global
	GlobalSection(SolutionConfigurationPlatforms) = preSolution
		Debug|Win32 = Debug|Win32
		Debug|x64 = Debug|x64
		Release|Win32 = Release|Win32
		Release|x64 = Release|x64
	EndGlobalSection
	GlobalSection(ProjectConfigurationPlatforms) = postSolution
		{FD21E454-A6A6-4E07-A875-4055D83E9872}.Debug|Win32.ActiveCfg = Debug|Win32
		{FD21E454-A6A6-4E07-A875-4055D83E9872}.Debug|Win32.Build.0 = Debug|Win32
		{FD21E454-A6A6-4E07-A875-4055D83E9872}.Debug|x64.ActiveCfg = Debug|x64
		{FD21E454-A6A6-4E07-A875-4055D83E9872}.Debug|x64.Build.0 = Debug|x64
		{FD21E454-A6A6-4E07-A875-4055D83E9872}.Release|Win32.ActiveCfg = Release|Win32
		{FD21E454-A6A6-4E07-A875-4055D83E9872}.Release|Win32.Build.0 = Release|Win32
		{FD21E454-A6A6-4E07-A875-4055D83E9872}.Release|x64.ActiveCfg = Release|x64
		{FD21E454-A6A6-4E07-A875-4055D83E9872}.Release|x64.Build.0 = Release|x64
		{238F22DF-9076-11E2-987D-80C16EEACF8A}.Debug|Win32.ActiveCfg = Debug|Win32
		{238F22DF-9076-11E2-987D-80C16EEACF8A}.Debug|Win32.Build.0 = Debug|Win32
		{238F22DF-9076-11E2-987D-80C16EEACF8A}.Debug|x64.ActiveCfg = Debug|x64
		{238F22DF-9076-11E2-987D-80C16EEACF8A}.Debug|x64.Build.0 = Debug|x64
		{238F22DF-9076-11E2-987D-80C16EEACF8A}.Release|Win32.ActiveCfg = Release|Win32
		{238F22DF-9076-11E2-987D-80C16EEACF8A}.Release|Win32.Build.0 = Release|Win32
		{238F22DF-9076-11E2-987D-80C16EEACF8A}.Release|x64.ActiveCfg = Release|x64
		{238F22DF-9076-11E2-987D-80C16EEACF8A}.Release|x64.Build.0 = Release|x64
		{238CD8F2-9076-11E2-858E-80C16EEACF8A}.Debug|Win32.ActiveCfg = Debug|Win32
		{238CD8F2-9076-11E2-858E-80C16EEACF8A}.Debug|Win32.Build.0 = Debug|Win32
		{238CD8F2-9076-11E2-858E-80C16EEACF8A}.Debug|x64.ActiveCfg = Debug|x64
		{238CD8F2-9076-11E2-858E-80C16EEACF8A}.Debug|x64.Build.0 = Debug|x64
		{238CD8F2-9076-11E2-858E-80C16EEACF8A}.Release|Win32.ActiveCfg = Release|Win32
		{238CD8F2-9076-11E2-858E-80C16EEACF8A}.Release|Win32.Build.0 = Release|Win32
		{238CD8F2-9076-11E2-858E-80C16EEACF8A}.Release|x64.ActiveCfg = Release|x64
		{238CD8F2-9076-11E2-858E-80C16EEACF8A}.Release|x64.Build.0 = Release|x64
		{238CD8F1-9076-11E2-876E-80C16EEACF8A}.Debug|Win32.ActiveCfg = Debug|Win32
		{238CD8F1-9076-11E2-876E-80C16EEACF8A}.Debug|Win32.Build.0 = Debug|Win32
		{238CD8F1-9076-11E2-876E-80C16EEACF8A}.Debug|x64.ActiveCfg = Debug|x64
		{238CD8F1-9076-11E2-876E-80C16EEACF8A}.Debug|x64.Build.0 = Debug|x64
		{238CD8F1-9076-11E2-876E-80C16EEACF8A}.Release|Win32.ActiveCfg = Release|Win32
		{238CD8F1-9076-11E2-876E-80C16EEACF8A}.Release|Win32.Build.0 = Release|Win32
		{238CD8F1-9076-11E2-876E-80C16EEACF8A}.Release|x64.ActiveCfg = Release|x64
		{238CD8F1-9076-11E2-876E-80C16EEACF8A}.Release|x64.Build.0 = Release|x64
		{238F22E0-9076-11E2-B974-80C16EEACF8A}.Debug|Win32.ActiveCfg = Debug|Win32
		{238F22E0-9076-11E2-B974-80C16EEACF8A}.Debug|Win32.Build.0 = Debug|Win32
		{238F22E0-9076-11E2-B974-80C16EEACF8A}.Debug|x64.ActiveCfg = Debug|x64
		{238F22E0-9076-11E2-B974-80C16EEACF8A}.Debug|x64.Build.0 = Debug|x64
		{238F22E0-9076-11E2-B974-80C16EEACF8A}.Release|Win32.ActiveCfg = Release|Win32
		{238F22E0-9076-11E2-B974-80C16EEACF8A}.Release|Win32.Build.0 = Release|Win32
		{238F22E0-9076-11E2-B974-80C16EEACF8A}.Release|x64.ActiveCfg = Release|x64
		{238F22E0-9076-11E2-B974-80C16EEACF8A}.Release|x64.Build.0 = Release|x64
		{9A0284C2-A153-42C7-8BAC-E65F13FC27CE}.Debug|Win32.ActiveCfg = Debug|Win32
		{9A0284C2-A153-42C7-8BAC-E65F13FC27CE}.Debug|Win32.Build.0 = Debug|Win32
		{9A0284C2-A153-42C7-8BAC-E65F13FC27CE}.Debug|x64.ActiveCfg = Debug|x64
		{9A0284C2-A153-42C7-8BAC-E65F13FC27CE}.Debug|x64.Build.0 = Debug|x64
		{9A0284C2-A153-42C7-8BAC-E65F13FC27CE}.Release|Win32.ActiveCfg = Release|Win32
		{9A0284C2-A153-42C7-8BAC-E65F13FC27CE}.Release|Win32.Build.0 = Release|Win32
		{9A0284C2-A153-42C7-8BAC-E65F13FC27CE}.Release|x64.ActiveCfg = Release|x64
		{9A0284C2-A153-42C7-8BAC-E65F13FC27CE}.Release|x64.Build.0 = Release|x64
		{238F22DE-9076-11E2-911D-80C16EEACF8A}.Debug|Win32.ActiveCfg = Debug|Win32
		{238F22DE-9076-11E2-911D-80C16EEACF8A}.Debug|Win32.Build.0 = Debug|Win32
		{238F22DE-9076-11E2-911D-80C16EEACF8A}.Debug|x64.ActiveCfg = Debug|x64
		{238F22DE-9076-11E2-911D-80C16EEACF8A}.Debug|x64.Build.0 = Debug|x64
		{238F22DE-9076-11E2-911D-80C16EEACF8A}.Release|Win32.ActiveCfg = Release|Win32
		{238F22DE-9076-11E2-911D-80C16EEACF8A}.Release|Win32.Build.0 = Release|Win32
		{238F22DE-9076-11E2-911D-80C16EEACF8A}.Release|x64.ActiveCfg = Release|x64
		{238F22DE-9076-11E2-911D-80C16EEACF8A}.Release|x64.Build.0 = Release|x64
		{7462BE12-6F45-4B47-8E87-C80CCF70614D}.Debug|Win32.ActiveCfg = Debug|Win32
		{7462BE12-6F45-4B47-8E87-C80CCF70614D}.Debug|Win32.Build.0 = Debug|Win32
		{7462BE12-6F45-4B47-8E87-C80CCF70614D}.Debug|x64.ActiveCfg = Debug|x64
		{7462BE12-6F45-4B47-8E87-C80CCF70614D}.Debug|x64.Build.0 = Debug|x64
		{7462BE12-6F45-4B47-8E87-C80CCF70614D}.Release|Win32.ActiveCfg = Release|Win32
		{7462BE12-6F45-4B47-8E87-C80CCF70614D}.Release|Win32.Build.0 = Release|Win32
		{7462BE12-6F45-4B47-8E87-C80CCF70614D}.Release|x64.ActiveCfg = Release|x64
		{7462BE12-6F45-4B47-8E87-C80CCF70614D}.Release|x64.Build.0 = Release|x64
	EndGlobalSection
	GlobalSection(SolutionProperties) = preSolution
		HideSolutionNode = FALSE
	EndGlobalSection
	GlobalSection(NestedProjects) = preSolution
		{7462BE12-6F45-4B47-8E87-C80CCF70614D} = {87BD0B50-2569-46FF-8050-88DF34411BBF}
	EndGlobalSection
EndGlobal
