<?xml version="1.0" encoding="utf-8"?>
<Project ToolsVersion="4.0" xmlns="http://schemas.microsoft.com/developer/msbuild/2003">
  <ItemGroup>
    <ClCompile Include="..\src\Timer.cpp">
      <Filter>Source Files</Filter>
    </ClCompile>
    <ClCompile Include="..\src\AverageFilter.cpp">
      <Filter>Source Files</Filter>
    </ClCompile>
  </ItemGroup>
  <ItemGroup>
    <ClInclude Include="..\src\AveragingFilter.h">
      <Filter>Header files</Filter>
    </ClInclude>
    <ClInclude Include="..\src\Timer.h">
      <Filter>Header files</Filter>
    </ClInclude>
  </ItemGroup>
  <ItemGroup>
    <Filter Include="Source Files">
      <UniqueIdentifier>{8f773f93-a102-43f7-bab1-0400cd2de86c}</UniqueIdentifier>
    </Filter>
    <Filter Include="Header files">
      <UniqueIdentifier>{4b736393-f829-4c64-8599-6788693b430c}</UniqueIdentifier>
    </Filter>
  </ItemGroup>
</Project>