<?xml version="1.0" encoding="utf-8"?>
<Project ToolsVersion="4.0" xmlns="http://schemas.microsoft.com/developer/msbuild/2003">
  <ItemGroup>
    <ClCompile Include="..\src\cell_pool.cpp">
      <Filter>Source Files</Filter>
    </ClCompile>
    <ClCompile Include="..\src\cell_poolAN.cpp">
      <Filter>Source Files</Filter>
    </ClCompile>
    <ClCompile Include="..\src\fluid_animate.cpp">
      <Filter>Source Files</Filter>
    </ClCompile>
    <ClCompile Include="..\src\fluid_animateAN.cpp">
      <Filter>Source Files</Filter>
    </ClCompile>
    <ClCompile Include="..\src\IO.cpp">
      <Filter>Source Files</Filter>
    </ClCompile>
    <ClCompile Include="..\src\main.cpp">
      <Filter>Source Files</Filter>
    </ClCompile>
    <ClCompile Include="..\src\timer.cpp">
      <Filter>Source Files</Filter>
    </ClCompile>
  </ItemGroup>
  <ItemGroup>
    <ClInclude Include="..\src\cell_pool.h">
      <Filter>Header Files</Filter>
    </ClInclude>
    <ClInclude Include="..\src\cell_poolAN.h">
      <Filter>Header Files</Filter>
    </ClInclude>
    <ClInclude Include="..\src\common.h">
      <Filter>Header Files</Filter>
    </ClInclude>
    <ClInclude Include="..\src\fluid_animate.h">
      <Filter>Header Files</Filter>
    </ClInclude>
    <ClInclude Include="..\src\fluid_animateAN.h">
      <Filter>Header Files</Filter>
    </ClInclude>
    <ClInclude Include="..\src\IO.h">
      <Filter>Header Files</Filter>
    </ClInclude>
    <ClInclude Include="..\src\timer.h">
      <Filter>Header Files</Filter>
    </ClInclude>
  </ItemGroup>
  <ItemGroup>
    <Filter Include="Source Files">
      <UniqueIdentifier>{e9088a4b-b4a1-4f57-9cb0-2dd48be2c166}</UniqueIdentifier>
    </Filter>
    <Filter Include="Header Files">
      <UniqueIdentifier>{10b283bb-0e4d-41d2-894d-3d05045fe752}</UniqueIdentifier>
    </Filter>
  </ItemGroup>
</Project>